github.com/gomarkdown/markdown v0.0.0-20240419095408-642f0ee99ae2 h1:yEt5djSYb4iNtmV9iJGVday+i4e9u6Mrn5iP64HH5QM=
github.com/gomarkdown/markdown v0.0.0-20240419095408-642f0ee99ae2/go.mod h1:JDGcbDT52eL4fju3sZ4TeHGsQwhG9nbDV21aMyhwPoA=
github.com/gvallee/go_notation v1.1.0 h1:9uMzftPjq+owGj1JMt/zWumC+6f7ZioGwHAGmaIEHEo=
github.com/gvallee/go_notation v1.1.0/go.mod h1:MG0GuuhsbwhvV70J43cJYuKChYl1HI0TsBcPiPY3woA=
github.com/gvallee/go_util v1.0.1 h1:Ch/PpAlHrHNmL2Upaxif/Nt4CqtaazDyTXh5fIhutJo=
github.com/gvallee/go_util v1.0.1/go.mod h1:fTexpwdH/n05Ziu0TXJIQsr7E+46QpBxNdeOOsyC0/s=
